
Microsoft Visual Studio Solution File, Format Version 12.00
# Visual Studio Version 16
VisualStudioVersion = 16.0.30804.86
MinimumVisualStudioVersion = 10.0.40219.1
Project("{FAE04EC0-301F-11D3-BF4B-00C04F79EFBC}") = "AppCleanImageDAL", "AppCleanImageDAL\AppCleanImageDAL.csproj", "{37E2D62A-5DCE-4880-8FF0-6EC2FC9CD4E6}"
EndProject
Project("{FAE04EC0-301F-11D3-BF4B-00C04F79EFBC}") = "AppCleanImageBLL", "AppCleanImageBLL\AppCleanImageBLL.csproj", "{23B7AF1D-0834-4FE1-9270-C8B42FC0D2FC}"
EndProject
Project("{FAE04EC0-301F-11D3-BF4B-00C04F79EFBC}") = "AppCleanImageDAO", "AppCleanImageDAO\AppCleanImageDAO.csproj", "{98A01656-E0A1-403F-82F6-CEE8C71D5DFA}"
EndProject
Project("{FAE04EC0-301F-11D3-BF4B-00C04F79EFBC}") = "AppCleanImage", "AppCleanImage\AppCleanImage.csproj", "{2563B72B-7E11-4CD3-A01F-16F5006F057C}"
EndProject
Project("{FAE04EC0-301F-11D3-BF4B-00C04F79EFBC}") = "AppCleanImageUtils", "AppCleanImageUtils\AppCleanImageUtils.csproj", "{DD940D8A-88F0-439A-ACDE-BC8E37F017E1}"
EndProject
Global
	GlobalSection(SolutionConfigurationPlatforms) = preSolution
		Debug|Any CPU = Debug|Any CPU
		Release|Any CPU = Release|Any CPU
	EndGlobalSection
	GlobalSection(ProjectConfigurationPlatforms) = postSolution
		{37E2D62A-5DCE-4880-8FF0-6EC2FC9CD4E6}.Debug|Any CPU.ActiveCfg = Debug|Any CPU
		{37E2D62A-5DCE-4880-8FF0-6EC2FC9CD4E6}.Debug|Any CPU.Build.0 = Debug|Any CPU
		{37E2D62A-5DCE-4880-8FF0-6EC2FC9CD4E6}.Release|Any CPU.ActiveCfg = Release|Any CPU
		{37E2D62A-5DCE-4880-8FF0-6EC2FC9CD4E6}.Release|Any CPU.Build.0 = Release|Any CPU
		{23B7AF1D-0834-4FE1-9270-C8B42FC0D2FC}.Debug|Any CPU.ActiveCfg = Debug|Any CPU
		{23B7AF1D-0834-4FE1-9270-C8B42FC0D2FC}.Debug|Any CPU.Build.0 = Debug|Any CPU
		{23B7AF1D-0834-4FE1-9270-C8B42FC0D2FC}.Release|Any CPU.ActiveCfg = Release|Any CPU
		{23B7AF1D-0834-4FE1-9270-C8B42FC0D2FC}.Release|Any CPU.Build.0 = Release|Any CPU
		{98A01656-E0A1-403F-82F6-CEE8C71D5DFA}.Debug|Any CPU.ActiveCfg = Debug|Any CPU
		{98A01656-E0A1-403F-82F6-CEE8C71D5DFA}.Debug|Any CPU.Build.0 = Debug|Any CPU
		{98A01656-E0A1-403F-82F6-CEE8C71D5DFA}.Release|Any CPU.ActiveCfg = Release|Any CPU
		{98A01656-E0A1-403F-82F6-CEE8C71D5DFA}.Release|Any CPU.Build.0 = Release|Any CPU
		{2563B72B-7E11-4CD3-A01F-16F5006F057C}.Debug|Any CPU.ActiveCfg = Debug|Any CPU
		{2563B72B-7E11-4CD3-A01F-16F5006F057C}.Debug|Any CPU.Build.0 = Debug|Any CPU
		{2563B72B-7E11-4CD3-A01F-16F5006F057C}.Release|Any CPU.ActiveCfg = Release|Any CPU
		{2563B72B-7E11-4CD3-A01F-16F5006F057C}.Release|Any CPU.Build.0 = Release|Any CPU
		{DD940D8A-88F0-439A-ACDE-BC8E37F017E1}.Debug|Any CPU.ActiveCfg = Debug|Any CPU
		{DD940D8A-88F0-439A-ACDE-BC8E37F017E1}.Debug|Any CPU.Build.0 = Debug|Any CPU
		{DD940D8A-88F0-439A-ACDE-BC8E37F017E1}.Release|Any CPU.ActiveCfg = Release|Any CPU
		{DD940D8A-88F0-439A-ACDE-BC8E37F017E1}.Release|Any CPU.Build.0 = Release|Any CPU
	EndGlobalSection
	GlobalSection(SolutionProperties) = preSolution
		HideSolutionNode = FALSE
	EndGlobalSection
	GlobalSection(ExtensibilityGlobals) = postSolution
		SolutionGuid = {390DA65B-331B-44C9-821D-36D87D68CB6D}
	EndGlobalSection
EndGlobal
